
Microsoft Visual Studio Solution File, Format Version 12.00
# Visual Studio 15
VisualStudioVersion = 15.0.28307.1758
MinimumVisualStudioVersion = 10.0.40219.1
Project("{FAE04EC0-301F-11D3-BF4B-00C04F79EFBC}") = "UniqueWordHelper", "UniqueWordHelper\UniqueWordHelper.csproj", "{195E0C8C-89C0-47ED-901C-E914AF539208}"
EndProject
Project("{FAE04EC0-301F-11D3-BF4B-00C04F79EFBC}") = "UniqueWordService", "UniqueWordService\UniqueWordService.csproj", "{71DC92C6-F25C-4A3F-B08D-8494D0940DBE}"
EndProject
Global
	GlobalSection(SolutionConfigurationPlatforms) = preSolution
		Debug|Any CPU = Debug|Any CPU
		Release|Any CPU = Release|Any CPU
	EndGlobalSection
	GlobalSection(ProjectConfigurationPlatforms) = postSolution
		{195E0C8C-89C0-47ED-901C-E914AF539208}.Debug|Any CPU.ActiveCfg = Debug|Any CPU
		{195E0C8C-89C0-47ED-901C-E914AF539208}.Debug|Any CPU.Build.0 = Debug|Any CPU
		{195E0C8C-89C0-47ED-901C-E914AF539208}.Release|Any CPU.ActiveCfg = Release|Any CPU
		{195E0C8C-89C0-47ED-901C-E914AF539208}.Release|Any CPU.Build.0 = Release|Any CPU
		{71DC92C6-F25C-4A3F-B08D-8494D0940DBE}.Debug|Any CPU.ActiveCfg = Debug|Any CPU
		{71DC92C6-F25C-4A3F-B08D-8494D0940DBE}.Debug|Any CPU.Build.0 = Debug|Any CPU
		{71DC92C6-F25C-4A3F-B08D-8494D0940DBE}.Release|Any CPU.ActiveCfg = Release|Any CPU
		{71DC92C6-F25C-4A3F-B08D-8494D0940DBE}.Release|Any CPU.Build.0 = Release|Any CPU
	EndGlobalSection
	GlobalSection(SolutionProperties) = preSolution
		HideSolutionNode = FALSE
	EndGlobalSection
	GlobalSection(ExtensibilityGlobals) = postSolution
		SolutionGuid = {2E24AE27-B904-4758-BA25-C22F167CFD1F}
	EndGlobalSection
EndGlobal
